{
  "name": "inject-env",
  "version": "0.7.3",
  "lockfileVersion": 1,
  "requires": true,
  "dependencies": {
    "assert": {
      "version": "1.4.1",
      "resolved": "https://registry.yarnpkg.com/assert/-/assert-1.4.1.tgz",
      "integrity": "sha1-mZEtWRg2tab1s0XA8H7vwI/GXZE=",
      "dev": true,
      "requires": {
        "util": "0.10.3"
      }
    },
    "inherits": {
      "version": "2.0.1",
      "resolved": "https://registry.yarnpkg.com/inherits/-/inherits-2.0.1.tgz",
      "integrity": "sha1-sX0I0ya0Qj5Wjv9xn5GwscvfafE=",
      "dev": true
    },
    "lodash.has": {
      "version": "4.5.2",
      "resolved": "https://registry.yarnpkg.com/lodash.has/-/lodash.has-4.5.2.tgz",
      "integrity": "sha1-0Z9NwQlQWMzL4rDN9O4P5Ko3yGI="
    },
    "lodash.isplainobject": {
      "version": "4.0.6",
      "resolved": "https://registry.yarnpkg.com/lodash.isplainobject/-/lodash.isplainobject-4.0.6.tgz",
      "integrity": "sha1-fFJqUtibRcRcxpC4gWO+BJf1UMs="
    },
    "object-assign": {
      "version": "4.1.1",
      "resolved": "https://registry.yarnpkg.com/object-assign/-/object-assign-4.1.1.tgz",
      "integrity": "sha1-IQmtx5ZYh8/AXLvUQsrIv7s2CGM="
    },
    "util": {
      "version": "0.10.3",
      "resolved": "https://registry.yarnpkg.com/util/-/util-0.10.3.tgz",
      "integrity": "sha1-evsa/lCAUkZInj23/g7TeTNqwPk=",
      "dev": true,
      "requires": {
        "inherits": "2.0.1"
      }
    }
  }
}
